
Microsoft Visual Studio Solution File, Format Version 12.00
# Visual Studio Version 17
VisualStudioVersion = 17.4.33110.190
MinimumVisualStudioVersion = 10.0.40219.1
Project("{FAE04EC0-301F-11D3-BF4B-00C04F79EFBC}") = "FronoTallyAPI", "FronoTallyAPI\FronoTallyAPI.csproj", "{8E07FD20-768F-41F8-9809-012DB375B778}"
EndProject
Global
	GlobalSection(SolutionConfigurationPlatforms) = preSolution
		Debug|Any CPU = Debug|Any CPU
		Release|Any CPU = Release|Any CPU
	EndGlobalSection
	GlobalSection(ProjectConfigurationPlatforms) = postSolution
		{8E07FD20-768F-41F8-9809-012DB375B778}.Debug|Any CPU.ActiveCfg = Debug|Any CPU
		{8E07FD20-768F-41F8-9809-012DB375B778}.Debug|Any CPU.Build.0 = Debug|Any CPU
		{8E07FD20-768F-41F8-9809-012DB375B778}.Release|Any CPU.ActiveCfg = Release|Any CPU
		{8E07FD20-768F-41F8-9809-012DB375B778}.Release|Any CPU.Build.0 = Release|Any CPU
	EndGlobalSection
	GlobalSection(SolutionProperties) = preSolution
		HideSolutionNode = FALSE
	EndGlobalSection
	GlobalSection(ExtensibilityGlobals) = postSolution
		SolutionGuid = {42F6F5F0-B091-4307-B269-DC1BA4E3D9FB}
	EndGlobalSection
EndGlobal
